
Microsoft Visual Studio Solution File, Format Version 12.00
# Visual Studio 15
VisualStudioVersion = 15.0.27703.2018
MinimumVisualStudioVersion = 10.0.40219.1
Project("{FAE04EC0-301F-11D3-BF4B-00C04F79EFBC}") = "Proyecto bases", "Proyecto bases\Proyecto bases.csproj", "{4611B87F-2F6B-4DFE-A7D9-A775EB6DE49D}"
	ProjectSection(ProjectDependencies) = postProject
		{41BA67E5-D3CD-49E0-B58E-760DBF456F67} = {41BA67E5-D3CD-49E0-B58E-760DBF456F67}
	EndProjectSection
EndProject
Project("{E24C65DC-7377-472B-9ABA-BC803B73C61A}") = "wsProyecto", "wsProyecto\", "{41BA67E5-D3CD-49E0-B58E-760DBF456F67}"
	ProjectSection(WebsiteProperties) = preProject
		TargetFrameworkMoniker = ".NETFramework,Version%3Dv4.6.1"
		Debug.AspNetCompiler.VirtualPath = "/localhost_51569"
		Debug.AspNetCompiler.PhysicalPath = "wsProyecto\"
		Debug.AspNetCompiler.TargetPath = "PrecompiledWeb\localhost_51569\"
		Debug.AspNetCompiler.Updateable = "true"
		Debug.AspNetCompiler.ForceOverwrite = "true"
		Debug.AspNetCompiler.FixedNames = "false"
		Debug.AspNetCompiler.Debug = "True"
		Release.AspNetCompiler.VirtualPath = "/localhost_51569"
		Release.AspNetCompiler.PhysicalPath = "wsProyecto\"
		Release.AspNetCompiler.TargetPath = "PrecompiledWeb\localhost_51569\"
		Release.AspNetCompiler.Updateable = "true"
		Release.AspNetCompiler.ForceOverwrite = "true"
		Release.AspNetCompiler.FixedNames = "false"
		Release.AspNetCompiler.Debug = "False"
		VWDPort = "51569"
		SlnRelativePath = "wsProyecto\"
		DefaultWebSiteLanguage = "Visual C#"
	EndProjectSection
EndProject
Global
	GlobalSection(SolutionConfigurationPlatforms) = preSolution
		Debug|Any CPU = Debug|Any CPU
		Release|Any CPU = Release|Any CPU
	EndGlobalSection
	GlobalSection(ProjectConfigurationPlatforms) = postSolution
		{4611B87F-2F6B-4DFE-A7D9-A775EB6DE49D}.Debug|Any CPU.ActiveCfg = Debug|Any CPU
		{4611B87F-2F6B-4DFE-A7D9-A775EB6DE49D}.Debug|Any CPU.Build.0 = Debug|Any CPU
		{4611B87F-2F6B-4DFE-A7D9-A775EB6DE49D}.Release|Any CPU.ActiveCfg = Release|Any CPU
		{4611B87F-2F6B-4DFE-A7D9-A775EB6DE49D}.Release|Any CPU.Build.0 = Release|Any CPU
		{41BA67E5-D3CD-49E0-B58E-760DBF456F67}.Debug|Any CPU.ActiveCfg = Debug|Any CPU
		{41BA67E5-D3CD-49E0-B58E-760DBF456F67}.Debug|Any CPU.Build.0 = Debug|Any CPU
		{41BA67E5-D3CD-49E0-B58E-760DBF456F67}.Release|Any CPU.ActiveCfg = Debug|Any CPU
		{41BA67E5-D3CD-49E0-B58E-760DBF456F67}.Release|Any CPU.Build.0 = Debug|Any CPU
	EndGlobalSection
	GlobalSection(SolutionProperties) = preSolution
		HideSolutionNode = FALSE
	EndGlobalSection
	GlobalSection(ExtensibilityGlobals) = postSolution
		SolutionGuid = {AEBE174B-2C9A-4ABD-80A1-EF651DD07877}
	EndGlobalSection
EndGlobal
