
Microsoft Visual Studio Solution File, Format Version 12.00
# Visual Studio 15
VisualStudioVersion = 15.0.27703.2018
MinimumVisualStudioVersion = 10.0.40219.1
Project("{FAE04EC0-301F-11D3-BF4B-00C04F79EFBC}") = "ProyectoBases", "ProyectoBases\ProyectoBases.csproj", "{C2D2B352-0DE9-4679-86ED-52C111417767}"
	ProjectSection(ProjectDependencies) = postProject
		{A5CC51A1-7440-4F83-A8DA-92B456633C17} = {A5CC51A1-7440-4F83-A8DA-92B456633C17}
	EndProjectSection
EndProject
Project("{E24C65DC-7377-472B-9ABA-BC803B73C61A}") = "appBases", "appBases\", "{A5CC51A1-7440-4F83-A8DA-92B456633C17}"
	ProjectSection(WebsiteProperties) = preProject
		TargetFrameworkMoniker = ".NETFramework,Version%3Dv4.6.1"
		Debug.AspNetCompiler.VirtualPath = "/localhost_54578"
		Debug.AspNetCompiler.PhysicalPath = "appBases\"
		Debug.AspNetCompiler.TargetPath = "PrecompiledWeb\localhost_54578\"
		Debug.AspNetCompiler.Updateable = "true"
		Debug.AspNetCompiler.ForceOverwrite = "true"
		Debug.AspNetCompiler.FixedNames = "false"
		Debug.AspNetCompiler.Debug = "True"
		Release.AspNetCompiler.VirtualPath = "/localhost_54578"
		Release.AspNetCompiler.PhysicalPath = "appBases\"
		Release.AspNetCompiler.TargetPath = "PrecompiledWeb\localhost_54578\"
		Release.AspNetCompiler.Updateable = "true"
		Release.AspNetCompiler.ForceOverwrite = "true"
		Release.AspNetCompiler.FixedNames = "false"
		Release.AspNetCompiler.Debug = "False"
		VWDPort = "54578"
		SlnRelativePath = "appBases\"
		DefaultWebSiteLanguage = "Visual C#"
	EndProjectSection
EndProject
Global
	GlobalSection(SolutionConfigurationPlatforms) = preSolution
		Debug|Any CPU = Debug|Any CPU
		Release|Any CPU = Release|Any CPU
	EndGlobalSection
	GlobalSection(ProjectConfigurationPlatforms) = postSolution
		{C2D2B352-0DE9-4679-86ED-52C111417767}.Debug|Any CPU.ActiveCfg = Debug|Any CPU
		{C2D2B352-0DE9-4679-86ED-52C111417767}.Debug|Any CPU.Build.0 = Debug|Any CPU
		{C2D2B352-0DE9-4679-86ED-52C111417767}.Release|Any CPU.ActiveCfg = Release|Any CPU
		{C2D2B352-0DE9-4679-86ED-52C111417767}.Release|Any CPU.Build.0 = Release|Any CPU
		{A5CC51A1-7440-4F83-A8DA-92B456633C17}.Debug|Any CPU.ActiveCfg = Debug|Any CPU
		{A5CC51A1-7440-4F83-A8DA-92B456633C17}.Debug|Any CPU.Build.0 = Debug|Any CPU
		{A5CC51A1-7440-4F83-A8DA-92B456633C17}.Release|Any CPU.ActiveCfg = Debug|Any CPU
		{A5CC51A1-7440-4F83-A8DA-92B456633C17}.Release|Any CPU.Build.0 = Debug|Any CPU
	EndGlobalSection
	GlobalSection(SolutionProperties) = preSolution
		HideSolutionNode = FALSE
	EndGlobalSection
	GlobalSection(ExtensibilityGlobals) = postSolution
		SolutionGuid = {3251DE63-FD69-4382-99B2-04E6F8A7CC93}
	EndGlobalSection
EndGlobal
